// !$*UTF8*$!
{
	archiveVersion = 1;
	classes = {
	};
	objectVersion = 50;
	objects = {

/* Begin PBXBuildFile section */
		E9485173250905FC00A2DD8C /* AddAccount.swift in Sources */ = {isa = PBXBuildFile; fileRef = E9485172250905FC00A2DD8C /* AddAccount.swift */; };
		E94851752509074100A2DD8C /* AccountModel.swift in Sources */ = {isa = PBXBuildFile; fileRef = E94851742509074100A2DD8C /* AccountModel.swift */; };
		E948518425090A2D00A2DD8C /* Data.framework in Frameworks */ = {isa = PBXBuildFile; fileRef = E948517B25090A2D00A2DD8C /* Data.framework */; };
		E948518925090A2D00A2DD8C /* RemoteAddAccountTests.swift in Sources */ = {isa = PBXBuildFile; fileRef = E948518825090A2D00A2DD8C /* RemoteAddAccountTests.swift */; };
		E948519325090A6900A2DD8C /* Domain.framework in Frameworks */ = {isa = PBXBuildFile; fileRef = E948516A2509054F00A2DD8C /* Domain.framework */; };
		E948519425090A6900A2DD8C /* Domain.framework in Embed Frameworks */ = {isa = PBXBuildFile; fileRef = E948516A2509054F00A2DD8C /* Domain.framework */; settings = {ATTRIBUTES = (CodeSignOnCopy, RemoveHeadersOnCopy, ); }; };
		E948519925093F1E00A2DD8C /* Model.swift in Sources */ = {isa = PBXBuildFile; fileRef = E948519825093F1E00A2DD8C /* Model.swift */; };
		E948519B2509404600A2DD8C /* RemoteAddAccount.swift in Sources */ = {isa = PBXBuildFile; fileRef = E948519A2509404600A2DD8C /* RemoteAddAccount.swift */; };
		E948519D250940CC00A2DD8C /* HttpPostClient.swift in Sources */ = {isa = PBXBuildFile; fileRef = E948519C250940CC00A2DD8C /* HttpPostClient.swift */; };
		E94851A525095E1000A2DD8C /* DomainError.swift in Sources */ = {isa = PBXBuildFile; fileRef = E94851A425095E1000A2DD8C /* DomainError.swift */; };
		E94851A725095FDD00A2DD8C /* HttpError.swift in Sources */ = {isa = PBXBuildFile; fileRef = E94851A625095FDD00A2DD8C /* HttpError.swift */; };
		E94851AA25096D9C00A2DD8C /* DataExtensions.swift in Sources */ = {isa = PBXBuildFile; fileRef = E94851A925096D9C00A2DD8C /* DataExtensions.swift */; };
/* End PBXBuildFile section */

/* Begin PBXContainerItemProxy section */
		E948518525090A2D00A2DD8C /* PBXContainerItemProxy */ = {
			isa = PBXContainerItemProxy;
			containerPortal = E94851512508FE3000A2DD8C /* Project object */;
			proxyType = 1;
			remoteGlobalIDString = E948517A25090A2D00A2DD8C;
			remoteInfo = Data;
		};
		E948519525090A6900A2DD8C /* PBXContainerItemProxy */ = {
			isa = PBXContainerItemProxy;
			containerPortal = E94851512508FE3000A2DD8C /* Project object */;
			proxyType = 1;
			remoteGlobalIDString = E94851692509054F00A2DD8C;
			remoteInfo = Domain;
		};
/* End PBXContainerItemProxy section */

/* Begin PBXCopyFilesBuildPhase section */
		E948519725090A6900A2DD8C /* Embed Frameworks */ = {
			isa = PBXCopyFilesBuildPhase;
			buildActionMask = 2147483647;
			dstPath = "";
			dstSubfolderSpec = 10;
			files = (
				E948519425090A6900A2DD8C /* Domain.framework in Embed Frameworks */,
			);
			name = "Embed Frameworks";
			runOnlyForDeploymentPostprocessing = 0;
		};
/* End PBXCopyFilesBuildPhase section */

/* Begin PBXFileReference section */
		E948516A2509054F00A2DD8C /* Domain.framework */ = {isa = PBXFileReference; explicitFileType = wrapper.framework; includeInIndex = 0; path = Domain.framework; sourceTree = BUILT_PRODUCTS_DIR; };
		E948516D2509054F00A2DD8C /* Info.plist */ = {isa = PBXFileReference; lastKnownFileType = text.plist.xml; path = Info.plist; sourceTree = "<group>"; };
		E9485172250905FC00A2DD8C /* AddAccount.swift */ = {isa = PBXFileReference; lastKnownFileType = sourcecode.swift; path = AddAccount.swift; sourceTree = "<group>"; };
		E94851742509074100A2DD8C /* AccountModel.swift */ = {isa = PBXFileReference; lastKnownFileType = sourcecode.swift; path = AccountModel.swift; sourceTree = "<group>"; };
		E948517B25090A2D00A2DD8C /* Data.framework */ = {isa = PBXFileReference; explicitFileType = wrapper.framework; includeInIndex = 0; path = Data.framework; sourceTree = BUILT_PRODUCTS_DIR; };
		E948517E25090A2D00A2DD8C /* Info.plist */ = {isa = PBXFileReference; lastKnownFileType = text.plist.xml; path = Info.plist; sourceTree = "<group>"; };
		E948518325090A2D00A2DD8C /* DataTests.xctest */ = {isa = PBXFileReference; explicitFileType = wrapper.cfbundle; includeInIndex = 0; path = DataTests.xctest; sourceTree = BUILT_PRODUCTS_DIR; };
		E948518825090A2D00A2DD8C /* RemoteAddAccountTests.swift */ = {isa = PBXFileReference; lastKnownFileType = sourcecode.swift; path = RemoteAddAccountTests.swift; sourceTree = "<group>"; };
		E948518A25090A2D00A2DD8C /* Info.plist */ = {isa = PBXFileReference; lastKnownFileType = text.plist.xml; path = Info.plist; sourceTree = "<group>"; };
		E948519825093F1E00A2DD8C /* Model.swift */ = {isa = PBXFileReference; lastKnownFileType = sourcecode.swift; path = Model.swift; sourceTree = "<group>"; };
		E948519A2509404600A2DD8C /* RemoteAddAccount.swift */ = {isa = PBXFileReference; lastKnownFileType = sourcecode.swift; path = RemoteAddAccount.swift; sourceTree = "<group>"; };
		E948519C250940CC00A2DD8C /* HttpPostClient.swift */ = {isa = PBXFileReference; lastKnownFileType = sourcecode.swift; path = HttpPostClient.swift; sourceTree = "<group>"; };
		E94851A425095E1000A2DD8C /* DomainError.swift */ = {isa = PBXFileReference; lastKnownFileType = sourcecode.swift; path = DomainError.swift; sourceTree = "<group>"; };
		E94851A625095FDD00A2DD8C /* HttpError.swift */ = {isa = PBXFileReference; lastKnownFileType = sourcecode.swift; path = HttpError.swift; sourceTree = "<group>"; };
		E94851A925096D9C00A2DD8C /* DataExtensions.swift */ = {isa = PBXFileReference; lastKnownFileType = sourcecode.swift; path = DataExtensions.swift; sourceTree = "<group>"; };
/* End PBXFileReference section */

/* Begin PBXFrameworksBuildPhase section */
		E94851672509054F00A2DD8C /* Frameworks */ = {
			isa = PBXFrameworksBuildPhase;
			buildActionMask = 2147483647;
			files = (
			);
			runOnlyForDeploymentPostprocessing = 0;
		};
		E948517825090A2D00A2DD8C /* Frameworks */ = {
			isa = PBXFrameworksBuildPhase;
			buildActionMask = 2147483647;
			files = (
				E948519325090A6900A2DD8C /* Domain.framework in Frameworks */,
			);
			runOnlyForDeploymentPostprocessing = 0;
		};
		E948518025090A2D00A2DD8C /* Frameworks */ = {
			isa = PBXFrameworksBuildPhase;
			buildActionMask = 2147483647;
			files = (
				E948518425090A2D00A2DD8C /* Data.framework in Frameworks */,
			);
			runOnlyForDeploymentPostprocessing = 0;
		};
/* End PBXFrameworksBuildPhase section */

/* Begin PBXGroup section */
		E94851502508FE3000A2DD8C = {
			isa = PBXGroup;
			children = (
				E948516B2509054F00A2DD8C /* Domain */,
				E948517C25090A2D00A2DD8C /* Data */,
				E948518725090A2D00A2DD8C /* DataTests */,
				E948515B2508FE3000A2DD8C /* Products */,
				E948519225090A6900A2DD8C /* Frameworks */,
			);
			sourceTree = "<group>";
		};
		E948515B2508FE3000A2DD8C /* Products */ = {
			isa = PBXGroup;
			children = (
				E948516A2509054F00A2DD8C /* Domain.framework */,
				E948517B25090A2D00A2DD8C /* Data.framework */,
				E948518325090A2D00A2DD8C /* DataTests.xctest */,
			);
			name = Products;
			sourceTree = "<group>";
		};
		E948516B2509054F00A2DD8C /* Domain */ = {
			isa = PBXGroup;
			children = (
				E948519E2509546800A2DD8C /* UseCases */,
				E948519F2509549500A2DD8C /* Models */,
				E94851A325095E0400A2DD8C /* Errors */,
				E948516D2509054F00A2DD8C /* Info.plist */,
			);
			path = Domain;
			sourceTree = "<group>";
		};
		E948517C25090A2D00A2DD8C /* Data */ = {
			isa = PBXGroup;
			children = (
				E94851A825096D8700A2DD8C /* Helpers */,
				E94851A02509549F00A2DD8C /* UseCases */,
				E94851A1250954AC00A2DD8C /* Http */,
				E948517E25090A2D00A2DD8C /* Info.plist */,
			);
			path = Data;
			sourceTree = "<group>";
		};
		E948518725090A2D00A2DD8C /* DataTests */ = {
			isa = PBXGroup;
			children = (
				E94851A2250954C200A2DD8C /* UseCases */,
				E948518A25090A2D00A2DD8C /* Info.plist */,
			);
			path = DataTests;
			sourceTree = "<group>";
		};
		E948519225090A6900A2DD8C /* Frameworks */ = {
			isa = PBXGroup;
			children = (
			);
			name = Frameworks;
			sourceTree = "<group>";
		};
		E948519E2509546800A2DD8C /* UseCases */ = {
			isa = PBXGroup;
			children = (
				E9485172250905FC00A2DD8C /* AddAccount.swift */,
			);
			path = UseCases;
			sourceTree = "<group>";
		};
		E948519F2509549500A2DD8C /* Models */ = {
			isa = PBXGroup;
			children = (
				E948519825093F1E00A2DD8C /* Model.swift */,
				E94851742509074100A2DD8C /* AccountModel.swift */,
			);
			path = Models;
			sourceTree = "<group>";
		};
		E94851A02509549F00A2DD8C /* UseCases */ = {
			isa = PBXGroup;
			children = (
				E948519A2509404600A2DD8C /* RemoteAddAccount.swift */,
			);
			path = UseCases;
			sourceTree = "<group>";
		};
		E94851A1250954AC00A2DD8C /* Http */ = {
			isa = PBXGroup;
			children = (
				E948519C250940CC00A2DD8C /* HttpPostClient.swift */,
				E94851A625095FDD00A2DD8C /* HttpError.swift */,
			);
			path = Http;
			sourceTree = "<group>";
		};
		E94851A2250954C200A2DD8C /* UseCases */ = {
			isa = PBXGroup;
			children = (
				E948518825090A2D00A2DD8C /* RemoteAddAccountTests.swift */,
			);
			path = UseCases;
			sourceTree = "<group>";
		};
		E94851A325095E0400A2DD8C /* Errors */ = {
			isa = PBXGroup;
			children = (
				E94851A425095E1000A2DD8C /* DomainError.swift */,
			);
			path = Errors;
			sourceTree = "<group>";
		};
		E94851A825096D8700A2DD8C /* Helpers */ = {
			isa = PBXGroup;
			children = (
				E94851A925096D9C00A2DD8C /* DataExtensions.swift */,
			);
			path = Helpers;
			sourceTree = "<group>";
		};
/* End PBXGroup section */

/* Begin PBXHeadersBuildPhase section */
		E94851652509054F00A2DD8C /* Headers */ = {
			isa = PBXHeadersBuildPhase;
			buildActionMask = 2147483647;
			files = (
			);
			runOnlyForDeploymentPostprocessing = 0;
		};
		E948517625090A2D00A2DD8C /* Headers */ = {
			isa = PBXHeadersBuildPhase;
			buildActionMask = 2147483647;
			files = (
			);
			runOnlyForDeploymentPostprocessing = 0;
		};
/* End PBXHeadersBuildPhase section */

/* Begin PBXNativeTarget section */
		E94851692509054F00A2DD8C /* Domain */ = {
			isa = PBXNativeTarget;
			buildConfigurationList = E94851712509054F00A2DD8C /* Build configuration list for PBXNativeTarget "Domain" */;
			buildPhases = (
				E94851652509054F00A2DD8C /* Headers */,
				E94851662509054F00A2DD8C /* Sources */,
				E94851672509054F00A2DD8C /* Frameworks */,
				E94851682509054F00A2DD8C /* Resources */,
			);
			buildRules = (
			);
			dependencies = (
			);
			name = Domain;
			productName = Domain;
			productReference = E948516A2509054F00A2DD8C /* Domain.framework */;
			productType = "com.apple.product-type.framework";
		};
		E948517A25090A2D00A2DD8C /* Data */ = {
			isa = PBXNativeTarget;
			buildConfigurationList = E948518C25090A2D00A2DD8C /* Build configuration list for PBXNativeTarget "Data" */;
			buildPhases = (
				E948517625090A2D00A2DD8C /* Headers */,
				E948517725090A2D00A2DD8C /* Sources */,
				E948517825090A2D00A2DD8C /* Frameworks */,
				E948517925090A2D00A2DD8C /* Resources */,
				E948519725090A6900A2DD8C /* Embed Frameworks */,
			);
			buildRules = (
			);
			dependencies = (
				E948519625090A6900A2DD8C /* PBXTargetDependency */,
			);
			name = Data;
			productName = Data;
			productReference = E948517B25090A2D00A2DD8C /* Data.framework */;
			productType = "com.apple.product-type.framework";
		};
		E948518225090A2D00A2DD8C /* DataTests */ = {
			isa = PBXNativeTarget;
			buildConfigurationList = E948518F25090A2D00A2DD8C /* Build configuration list for PBXNativeTarget "DataTests" */;
			buildPhases = (
				E948517F25090A2D00A2DD8C /* Sources */,
				E948518025090A2D00A2DD8C /* Frameworks */,
				E948518125090A2D00A2DD8C /* Resources */,
			);
			buildRules = (
			);
			dependencies = (
				E948518625090A2D00A2DD8C /* PBXTargetDependency */,
			);
			name = DataTests;
			productName = DataTests;
			productReference = E948518325090A2D00A2DD8C /* DataTests.xctest */;
			productType = "com.apple.product-type.bundle.unit-test";
		};
/* End PBXNativeTarget section */

/* Begin PBXProject section */
		E94851512508FE3000A2DD8C /* Project object */ = {
			isa = PBXProject;
			attributes = {
				LastSwiftUpdateCheck = 1160;
				LastUpgradeCheck = 1160;
				ORGANIZATIONNAME = "Diego Benites Lopes";
				TargetAttributes = {
					E94851692509054F00A2DD8C = {
						CreatedOnToolsVersion = 11.6;
						LastSwiftMigration = 1160;
					};
					E948517A25090A2D00A2DD8C = {
						CreatedOnToolsVersion = 11.6;
						LastSwiftMigration = 1160;
					};
					E948518225090A2D00A2DD8C = {
						CreatedOnToolsVersion = 11.6;
					};
				};
			};
			buildConfigurationList = E94851542508FE3000A2DD8C /* Build configuration list for PBXProject "CleanApp" */;
			compatibilityVersion = "Xcode 9.3";
			developmentRegion = en;
			hasScannedForEncodings = 0;
			knownRegions = (
				en,
				Base,
			);
			mainGroup = E94851502508FE3000A2DD8C;
			productRefGroup = E948515B2508FE3000A2DD8C /* Products */;
			projectDirPath = "";
			projectRoot = "";
			targets = (
				E94851692509054F00A2DD8C /* Domain */,
				E948517A25090A2D00A2DD8C /* Data */,
				E948518225090A2D00A2DD8C /* DataTests */,
			);
		};
/* End PBXProject section */

/* Begin PBXResourcesBuildPhase section */
		E94851682509054F00A2DD8C /* Resources */ = {
			isa = PBXResourcesBuildPhase;
			buildActionMask = 2147483647;
			files = (
			);
			runOnlyForDeploymentPostprocessing = 0;
		};
		E948517925090A2D00A2DD8C /* Resources */ = {
			isa = PBXResourcesBuildPhase;
			buildActionMask = 2147483647;
			files = (
			);
			runOnlyForDeploymentPostprocessing = 0;
		};
		E948518125090A2D00A2DD8C /* Resources */ = {
			isa = PBXResourcesBuildPhase;
			buildActionMask = 2147483647;
			files = (
			);
			runOnlyForDeploymentPostprocessing = 0;
		};
/* End PBXResourcesBuildPhase section */

/* Begin PBXSourcesBuildPhase section */
		E94851662509054F00A2DD8C /* Sources */ = {
			isa = PBXSourcesBuildPhase;
			buildActionMask = 2147483647;
			files = (
				E948519925093F1E00A2DD8C /* Model.swift in Sources */,
				E9485173250905FC00A2DD8C /* AddAccount.swift in Sources */,
				E94851A525095E1000A2DD8C /* DomainError.swift in Sources */,
				E94851752509074100A2DD8C /* AccountModel.swift in Sources */,
			);
			runOnlyForDeploymentPostprocessing = 0;
		};
		E948517725090A2D00A2DD8C /* Sources */ = {
			isa = PBXSourcesBuildPhase;
			buildActionMask = 2147483647;
			files = (
				E948519D250940CC00A2DD8C /* HttpPostClient.swift in Sources */,
				E94851AA25096D9C00A2DD8C /* DataExtensions.swift in Sources */,
				E94851A725095FDD00A2DD8C /* HttpError.swift in Sources */,
				E948519B2509404600A2DD8C /* RemoteAddAccount.swift in Sources */,
			);
			runOnlyForDeploymentPostprocessing = 0;
		};
		E948517F25090A2D00A2DD8C /* Sources */ = {
			isa = PBXSourcesBuildPhase;
			buildActionMask = 2147483647;
			files = (
				E948518925090A2D00A2DD8C /* RemoteAddAccountTests.swift in Sources */,
			);
			runOnlyForDeploymentPostprocessing = 0;
		};
/* End PBXSourcesBuildPhase section */

/* Begin PBXTargetDependency section */
		E948518625090A2D00A2DD8C /* PBXTargetDependency */ = {
			isa = PBXTargetDependency;
			target = E948517A25090A2D00A2DD8C /* Data */;
			targetProxy = E948518525090A2D00A2DD8C /* PBXContainerItemProxy */;
		};
		E948519625090A6900A2DD8C /* PBXTargetDependency */ = {
			isa = PBXTargetDependency;
			target = E94851692509054F00A2DD8C /* Domain */;
			targetProxy = E948519525090A6900A2DD8C /* PBXContainerItemProxy */;
		};
/* End PBXTargetDependency section */

/* Begin XCBuildConfiguration section */
		E94851602508FE3000A2DD8C /* Debug */ = {
			isa = XCBuildConfiguration;
			buildSettings = {
				ALWAYS_SEARCH_USER_PATHS = NO;
				CLANG_ANALYZER_NONNULL = YES;
				CLANG_ANALYZER_NUMBER_OBJECT_CONVERSION = YES_AGGRESSIVE;
				CLANG_CXX_LANGUAGE_STANDARD = "gnu++14";
				CLANG_CXX_LIBRARY = "libc++";
				CLANG_ENABLE_MODULES = YES;
				CLANG_ENABLE_OBJC_ARC = YES;
				CLANG_ENABLE_OBJC_WEAK = YES;
				CLANG_WARN_BLOCK_CAPTURE_AUTORELEASING = YES;
				CLANG_WARN_BOOL_CONVERSION = YES;
				CLANG_WARN_COMMA = YES;
				CLANG_WARN_CONSTANT_CONVERSION = YES;
				CLANG_WARN_DEPRECATED_OBJC_IMPLEMENTATIONS = YES;
				CLANG_WARN_DIRECT_OBJC_ISA_USAGE = YES_ERROR;
				CLANG_WARN_DOCUMENTATION_COMMENTS = YES;
				CLANG_WARN_EMPTY_BODY = YES;
				CLANG_WARN_ENUM_CONVERSION = YES;
				CLANG_WARN_INFINITE_RECURSION = YES;
				CLANG_WARN_INT_CONVERSION = YES;
				CLANG_WARN_NON_LITERAL_NULL_CONVERSION = YES;
				CLANG_WARN_OBJC_IMPLICIT_RETAIN_SELF = YES;
				CLANG_WARN_OBJC_LITERAL_CONVERSION = YES;
				CLANG_WARN_OBJC_ROOT_CLASS = YES_ERROR;
				CLANG_WARN_RANGE_LOOP_ANALYSIS = YES;
				CLANG_WARN_STRICT_PROTOTYPES = YES;
				CLANG_WARN_SUSPICIOUS_MOVE = YES;
				CLANG_WARN_UNGUARDED_AVAILABILITY = YES_AGGRESSIVE;
				CLANG_WARN_UNREACHABLE_CODE = YES;
				CLANG_WARN__DUPLICATE_METHOD_MATCH = YES;
				COPY_PHASE_STRIP = NO;
				CURRENT_PROJECT_VERSION = 1;
				DEBUG_INFORMATION_FORMAT = dwarf;
				ENABLE_STRICT_OBJC_MSGSEND = YES;
				ENABLE_TESTABILITY = YES;
				GCC_C_LANGUAGE_STANDARD = gnu11;
				GCC_DYNAMIC_NO_PIC = NO;
				GCC_NO_COMMON_BLOCKS = YES;
				GCC_OPTIMIZATION_LEVEL = 0;
				GCC_PREPROCESSOR_DEFINITIONS = (
					"DEBUG=1",
					"$(inherited)",
				);
				GCC_WARN_64_TO_32_BIT_CONVERSION = YES;
				GCC_WARN_ABOUT_RETURN_TYPE = YES_ERROR;
				GCC_WARN_UNDECLARED_SELECTOR = YES;
				GCC_WARN_UNINITIALIZED_AUTOS = YES_AGGRESSIVE;
				GCC_WARN_UNUSED_FUNCTION = YES;
				GCC_WARN_UNUSED_VARIABLE = YES;
				IPHONEOS_DEPLOYMENT_TARGET = 13.6;
				MTL_ENABLE_DEBUG_INFO = INCLUDE_SOURCE;
				MTL_FAST_MATH = YES;
				ONLY_ACTIVE_ARCH = YES;
				SDKROOT = iphoneos;
				SWIFT_ACTIVE_COMPILATION_CONDITIONS = DEBUG;
				SWIFT_OPTIMIZATION_LEVEL = "-Onone";
				VERSIONING_SYSTEM = "apple-generic";
				VERSION_INFO_PREFIX = "";
			};
			name = Debug;
		};
		E94851612508FE3000A2DD8C /* Release */ = {
			isa = XCBuildConfiguration;
			buildSettings = {
				ALWAYS_SEARCH_USER_PATHS = NO;
				CLANG_ANALYZER_NONNULL = YES;
				CLANG_ANALYZER_NUMBER_OBJECT_CONVERSION = YES_AGGRESSIVE;
				CLANG_CXX_LANGUAGE_STANDARD = "gnu++14";
				CLANG_CXX_LIBRARY = "libc++";
				CLANG_ENABLE_MODULES = YES;
				CLANG_ENABLE_OBJC_ARC = YES;
				CLANG_ENABLE_OBJC_WEAK = YES;
				CLANG_WARN_BLOCK_CAPTURE_AUTORELEASING = YES;
				CLANG_WARN_BOOL_CONVERSION = YES;
				CLANG_WARN_COMMA = YES;
				CLANG_WARN_CONSTANT_CONVERSION = YES;
				CLANG_WARN_DEPRECATED_OBJC_IMPLEMENTATIONS = YES;
				CLANG_WARN_DIRECT_OBJC_ISA_USAGE = YES_ERROR;
				CLANG_WARN_DOCUMENTATION_COMMENTS = YES;
				CLANG_WARN_EMPTY_BODY = YES;
				CLANG_WARN_ENUM_CONVERSION = YES;
				CLANG_WARN_INFINITE_RECURSION = YES;
				CLANG_WARN_INT_CONVERSION = YES;
				CLANG_WARN_NON_LITERAL_NULL_CONVERSION = YES;
				CLANG_WARN_OBJC_IMPLICIT_RETAIN_SELF = YES;
				CLANG_WARN_OBJC_LITERAL_CONVERSION = YES;
				CLANG_WARN_OBJC_ROOT_CLASS = YES_ERROR;
				CLANG_WARN_RANGE_LOOP_ANALYSIS = YES;
				CLANG_WARN_STRICT_PROTOTYPES = YES;
				CLANG_WARN_SUSPICIOUS_MOVE = YES;
				CLANG_WARN_UNGUARDED_AVAILABILITY = YES_AGGRESSIVE;
				CLANG_WARN_UNREACHABLE_CODE = YES;
				CLANG_WARN__DUPLICATE_METHOD_MATCH = YES;
				COPY_PHASE_STRIP = NO;
				CURRENT_PROJECT_VERSION = 1;
				DEBUG_INFORMATION_FORMAT = "dwarf-with-dsym";
				ENABLE_NS_ASSERTIONS = NO;
				ENABLE_STRICT_OBJC_MSGSEND = YES;
				GCC_C_LANGUAGE_STANDARD = gnu11;
				GCC_NO_COMMON_BLOCKS = YES;
				GCC_WARN_64_TO_32_BIT_CONVERSION = YES;
				GCC_WARN_ABOUT_RETURN_TYPE = YES_ERROR;
				GCC_WARN_UNDECLARED_SELECTOR = YES;
				GCC_WARN_UNINITIALIZED_AUTOS = YES_AGGRESSIVE;
				GCC_WARN_UNUSED_FUNCTION = YES;
				GCC_WARN_UNUSED_VARIABLE = YES;
				IPHONEOS_DEPLOYMENT_TARGET = 13.6;
				MTL_ENABLE_DEBUG_INFO = NO;
				MTL_FAST_MATH = YES;
				SDKROOT = iphoneos;
				SWIFT_COMPILATION_MODE = wholemodule;
				SWIFT_OPTIMIZATION_LEVEL = "-O";
				VALIDATE_PRODUCT = YES;
				VERSIONING_SYSTEM = "apple-generic";
				VERSION_INFO_PREFIX = "";
			};
			name = Release;
		};
		E948516F2509054F00A2DD8C /* Debug */ = {
			isa = XCBuildConfiguration;
			buildSettings = {
				CLANG_ENABLE_MODULES = YES;
				CODE_SIGN_STYLE = Automatic;
				COMBINE_HIDPI_IMAGES = YES;
				DEFINES_MODULE = YES;
				DEVELOPMENT_TEAM = 42L62SALH9;
				DYLIB_COMPATIBILITY_VERSION = 1;
				DYLIB_CURRENT_VERSION = 1;
				DYLIB_INSTALL_NAME_BASE = "@rpath";
				INFOPLIST_FILE = Domain/Info.plist;
				INSTALL_PATH = "$(LOCAL_LIBRARY_DIR)/Frameworks";
				LD_RUNPATH_SEARCH_PATHS = (
					"$(inherited)",
					"@executable_path/../Frameworks",
					"@loader_path/Frameworks",
				);
				MACOSX_DEPLOYMENT_TARGET = 10.15;
				PRODUCT_BUNDLE_IDENTIFIER = com.dbeniteslopes.Domain;
				PRODUCT_NAME = "$(TARGET_NAME:c99extidentifier)";
				SDKROOT = macosx;
				SKIP_INSTALL = YES;
				SWIFT_OPTIMIZATION_LEVEL = "-Onone";
				SWIFT_VERSION = 5.0;
			};
			name = Debug;
		};
		E94851702509054F00A2DD8C /* Release */ = {
			isa = XCBuildConfiguration;
			buildSettings = {
				CLANG_ENABLE_MODULES = YES;
				CODE_SIGN_STYLE = Automatic;
				COMBINE_HIDPI_IMAGES = YES;
				DEFINES_MODULE = YES;
				DEVELOPMENT_TEAM = 42L62SALH9;
				DYLIB_COMPATIBILITY_VERSION = 1;
				DYLIB_CURRENT_VERSION = 1;
				DYLIB_INSTALL_NAME_BASE = "@rpath";
				INFOPLIST_FILE = Domain/Info.plist;
				INSTALL_PATH = "$(LOCAL_LIBRARY_DIR)/Frameworks";
				LD_RUNPATH_SEARCH_PATHS = (
					"$(inherited)",
					"@executable_path/../Frameworks",
					"@loader_path/Frameworks",
				);
				MACOSX_DEPLOYMENT_TARGET = 10.15;
				PRODUCT_BUNDLE_IDENTIFIER = com.dbeniteslopes.Domain;
				PRODUCT_NAME = "$(TARGET_NAME:c99extidentifier)";
				SDKROOT = macosx;
				SKIP_INSTALL = YES;
				SWIFT_VERSION = 5.0;
			};
			name = Release;
		};
		E948518D25090A2D00A2DD8C /* Debug */ = {
			isa = XCBuildConfiguration;
			buildSettings = {
				CLANG_ENABLE_MODULES = YES;
				CODE_SIGN_STYLE = Automatic;
				COMBINE_HIDPI_IMAGES = YES;
				DEFINES_MODULE = YES;
				DEVELOPMENT_TEAM = 42L62SALH9;
				DYLIB_COMPATIBILITY_VERSION = 1;
				DYLIB_CURRENT_VERSION = 1;
				DYLIB_INSTALL_NAME_BASE = "@rpath";
				INFOPLIST_FILE = Data/Info.plist;
				INSTALL_PATH = "$(LOCAL_LIBRARY_DIR)/Frameworks";
				LD_RUNPATH_SEARCH_PATHS = (
					"$(inherited)",
					"@executable_path/../Frameworks",
					"@loader_path/Frameworks",
				);
				MACOSX_DEPLOYMENT_TARGET = 10.15;
				PRODUCT_BUNDLE_IDENTIFIER = com.dbeniteslopes.Data;
				PRODUCT_NAME = "$(TARGET_NAME:c99extidentifier)";
				SDKROOT = macosx;
				SKIP_INSTALL = YES;
				SWIFT_OPTIMIZATION_LEVEL = "-Onone";
				SWIFT_VERSION = 5.0;
			};
			name = Debug;
		};
		E948518E25090A2D00A2DD8C /* Release */ = {
			isa = XCBuildConfiguration;
			buildSettings = {
				CLANG_ENABLE_MODULES = YES;
				CODE_SIGN_STYLE = Automatic;
				COMBINE_HIDPI_IMAGES = YES;
				DEFINES_MODULE = YES;
				DEVELOPMENT_TEAM = 42L62SALH9;
				DYLIB_COMPATIBILITY_VERSION = 1;
				DYLIB_CURRENT_VERSION = 1;
				DYLIB_INSTALL_NAME_BASE = "@rpath";
				INFOPLIST_FILE = Data/Info.plist;
				INSTALL_PATH = "$(LOCAL_LIBRARY_DIR)/Frameworks";
				LD_RUNPATH_SEARCH_PATHS = (
					"$(inherited)",
					"@executable_path/../Frameworks",
					"@loader_path/Frameworks",
				);
				MACOSX_DEPLOYMENT_TARGET = 10.15;
				PRODUCT_BUNDLE_IDENTIFIER = com.dbeniteslopes.Data;
				PRODUCT_NAME = "$(TARGET_NAME:c99extidentifier)";
				SDKROOT = macosx;
				SKIP_INSTALL = YES;
				SWIFT_VERSION = 5.0;
			};
			name = Release;
		};
		E948519025090A2D00A2DD8C /* Debug */ = {
			isa = XCBuildConfiguration;
			buildSettings = {
				ALWAYS_EMBED_SWIFT_STANDARD_LIBRARIES = YES;
				CODE_SIGN_STYLE = Automatic;
				COMBINE_HIDPI_IMAGES = YES;
				DEVELOPMENT_TEAM = 42L62SALH9;
				INFOPLIST_FILE = DataTests/Info.plist;
				LD_RUNPATH_SEARCH_PATHS = (
					"$(inherited)",
					"@executable_path/../Frameworks",
					"@loader_path/../Frameworks",
				);
				MACOSX_DEPLOYMENT_TARGET = 10.15;
				PRODUCT_BUNDLE_IDENTIFIER = com.dbeniteslopes.DataTests;
				PRODUCT_NAME = "$(TARGET_NAME)";
				SDKROOT = macosx;
				SWIFT_VERSION = 5.0;
			};
			name = Debug;
		};
		E948519125090A2D00A2DD8C /* Release */ = {
			isa = XCBuildConfiguration;
			buildSettings = {
				ALWAYS_EMBED_SWIFT_STANDARD_LIBRARIES = YES;
				CODE_SIGN_STYLE = Automatic;
				COMBINE_HIDPI_IMAGES = YES;
				DEVELOPMENT_TEAM = 42L62SALH9;
				INFOPLIST_FILE = DataTests/Info.plist;
				LD_RUNPATH_SEARCH_PATHS = (
					"$(inherited)",
					"@executable_path/../Frameworks",
					"@loader_path/../Frameworks",
				);
				MACOSX_DEPLOYMENT_TARGET = 10.15;
				PRODUCT_BUNDLE_IDENTIFIER = com.dbeniteslopes.DataTests;
				PRODUCT_NAME = "$(TARGET_NAME)";
				SDKROOT = macosx;
				SWIFT_VERSION = 5.0;
			};
			name = Release;
		};
/* End XCBuildConfiguration section */

/* Begin XCConfigurationList section */
		E94851542508FE3000A2DD8C /* Build configuration list for PBXProject "CleanApp" */ = {
			isa = XCConfigurationList;
			buildConfigurations = (
				E94851602508FE3000A2DD8C /* Debug */,
				E94851612508FE3000A2DD8C /* Release */,
			);
			defaultConfigurationIsVisible = 0;
			defaultConfigurationName = Release;
		};
		E94851712509054F00A2DD8C /* Build configuration list for PBXNativeTarget "Domain" */ = {
			isa = XCConfigurationList;
			buildConfigurations = (
				E948516F2509054F00A2DD8C /* Debug */,
				E94851702509054F00A2DD8C /* Release */,
			);
			defaultConfigurationIsVisible = 0;
			defaultConfigurationName = Release;
		};
		E948518C25090A2D00A2DD8C /* Build configuration list for PBXNativeTarget "Data" */ = {
			isa = XCConfigurationList;
			buildConfigurations = (
				E948518D25090A2D00A2DD8C /* Debug */,
				E948518E25090A2D00A2DD8C /* Release */,
			);
			defaultConfigurationIsVisible = 0;
			defaultConfigurationName = Release;
		};
		E948518F25090A2D00A2DD8C /* Build configuration list for PBXNativeTarget "DataTests" */ = {
			isa = XCConfigurationList;
			buildConfigurations = (
				E948519025090A2D00A2DD8C /* Debug */,
				E948519125090A2D00A2DD8C /* Release */,
			);
			defaultConfigurationIsVisible = 0;
			defaultConfigurationName = Release;
		};
/* End XCConfigurationList section */
	};
	rootObject = E94851512508FE3000A2DD8C /* Project object */;
}
